
Microsoft Visual Studio Solution File, Format Version 12.00
# Visual Studio Version 17
VisualStudioVersion = 17.1.32328.378
MinimumVisualStudioVersion = 10.0.40219.1
Project("{FAE04EC0-301F-11D3-BF4B-00C04F79EFBC}") = "DesignPatterns", "DesignPatterns\DesignPatterns.csproj", "{F5311CC6-CEE1-4006-952C-2D92975E7985}"
EndProject
Project("{FAE04EC0-301F-11D3-BF4B-00C04F79EFBC}") = "FactoryMethod", "FactoryMethod\FactoryMethod.csproj", "{60856D50-8E8E-4F3D-B992-B698EADDD5A6}"
EndProject
Project("{FAE04EC0-301F-11D3-BF4B-00C04F79EFBC}") = "StrategyPattern", "StrategyPattern\StrategyPattern.csproj", "{BC8B83DA-20E9-42AB-9E4E-E0989FBF7DC5}"
EndProject
Global
	GlobalSection(SolutionConfigurationPlatforms) = preSolution
		Debug|Any CPU = Debug|Any CPU
		Release|Any CPU = Release|Any CPU
	EndGlobalSection
	GlobalSection(ProjectConfigurationPlatforms) = postSolution
		{F5311CC6-CEE1-4006-952C-2D92975E7985}.Debug|Any CPU.ActiveCfg = Debug|Any CPU
		{F5311CC6-CEE1-4006-952C-2D92975E7985}.Debug|Any CPU.Build.0 = Debug|Any CPU
		{F5311CC6-CEE1-4006-952C-2D92975E7985}.Release|Any CPU.ActiveCfg = Release|Any CPU
		{F5311CC6-CEE1-4006-952C-2D92975E7985}.Release|Any CPU.Build.0 = Release|Any CPU
		{60856D50-8E8E-4F3D-B992-B698EADDD5A6}.Debug|Any CPU.ActiveCfg = Debug|Any CPU
		{60856D50-8E8E-4F3D-B992-B698EADDD5A6}.Debug|Any CPU.Build.0 = Debug|Any CPU
		{60856D50-8E8E-4F3D-B992-B698EADDD5A6}.Release|Any CPU.ActiveCfg = Release|Any CPU
		{60856D50-8E8E-4F3D-B992-B698EADDD5A6}.Release|Any CPU.Build.0 = Release|Any CPU
		{BC8B83DA-20E9-42AB-9E4E-E0989FBF7DC5}.Debug|Any CPU.ActiveCfg = Debug|Any CPU
		{BC8B83DA-20E9-42AB-9E4E-E0989FBF7DC5}.Debug|Any CPU.Build.0 = Debug|Any CPU
		{BC8B83DA-20E9-42AB-9E4E-E0989FBF7DC5}.Release|Any CPU.ActiveCfg = Release|Any CPU
		{BC8B83DA-20E9-42AB-9E4E-E0989FBF7DC5}.Release|Any CPU.Build.0 = Release|Any CPU
	EndGlobalSection
	GlobalSection(SolutionProperties) = preSolution
		HideSolutionNode = FALSE
	EndGlobalSection
	GlobalSection(ExtensibilityGlobals) = postSolution
		SolutionGuid = {DE68BFBF-9C18-4B13-AF27-CE43B329B5C5}
	EndGlobalSection
EndGlobal
